
Microsoft Visual Studio Solution File, Format Version 12.00
# Visual Studio Version 17
VisualStudioVersion = 17.6.33829.357
MinimumVisualStudioVersion = 10.0.40219.1
Project("{FAE04EC0-301F-11D3-BF4B-00C04F79EFBC}") = "Dosie", "Dosie\Dosie.csproj", "{CA13E3C3-4E2A-4B30-ADBA-125C6F5E8249}"
EndProject
Global
	GlobalSection(SolutionConfigurationPlatforms) = preSolution
		Debug|Any CPU = Debug|Any CPU
		Release|Any CPU = Release|Any CPU
	EndGlobalSection
	GlobalSection(ProjectConfigurationPlatforms) = postSolution
		{CA13E3C3-4E2A-4B30-ADBA-125C6F5E8249}.Debug|Any CPU.ActiveCfg = Debug|Any CPU
		{CA13E3C3-4E2A-4B30-ADBA-125C6F5E8249}.Debug|Any CPU.Build.0 = Debug|Any CPU
		{CA13E3C3-4E2A-4B30-ADBA-125C6F5E8249}.Release|Any CPU.ActiveCfg = Release|Any CPU
		{CA13E3C3-4E2A-4B30-ADBA-125C6F5E8249}.Release|Any CPU.Build.0 = Release|Any CPU
	EndGlobalSection
	GlobalSection(SolutionProperties) = preSolution
		HideSolutionNode = FALSE
	EndGlobalSection
	GlobalSection(ExtensibilityGlobals) = postSolution
		SolutionGuid = {2C910A83-0E9E-4E53-9817-B1D762560BCF}
	EndGlobalSection
EndGlobal
